
Microsoft Visual Studio Solution File, Format Version 12.00
Project("{FAE04EC0-301F-11D3-BF4B-00C04F79EFBC}") = "Day6", "Day6\Day6.csproj", "{67C6A5A8-088F-4E40-951B-3B7BE09155FD}"
EndProject
Global
	GlobalSection(SolutionConfigurationPlatforms) = preSolution
		Debug|Any CPU = Debug|Any CPU
		Release|Any CPU = Release|Any CPU
	EndGlobalSection
	GlobalSection(ProjectConfigurationPlatforms) = postSolution
		{67C6A5A8-088F-4E40-951B-3B7BE09155FD}.Debug|Any CPU.ActiveCfg = Debug|Any CPU
		{67C6A5A8-088F-4E40-951B-3B7BE09155FD}.Debug|Any CPU.Build.0 = Debug|Any CPU
		{67C6A5A8-088F-4E40-951B-3B7BE09155FD}.Release|Any CPU.ActiveCfg = Release|Any CPU
		{67C6A5A8-088F-4E40-951B-3B7BE09155FD}.Release|Any CPU.Build.0 = Release|Any CPU
	EndGlobalSection
EndGlobal
